
Microsoft Visual Studio Solution File, Format Version 12.00
# Visual Studio Version 16
VisualStudioVersion = 16.0.29709.97
MinimumVisualStudioVersion = 10.0.40219.1
Project("{9A19103F-16F7-4668-BE54-9A1E7A4F7556}") = "Homer.Core", "src\core\Homer.Core.csproj", "{DA1CF614-7D2E-49BA-B27F-4334B964C2E0}"
EndProject
Project("{2150E333-8FDC-42A3-9474-1A3956D46DE8}") = "Core", "Core", "{9EA2E57A-D4CA-481B-AA3F-7A6E4E84A106}"
EndProject
Project("{2150E333-8FDC-42A3-9474-1A3956D46DE8}") = "Contrib", "Contrib", "{EA45AF70-3539-4CB4-9DC5-49CCCAD21A9A}"
EndProject
Project("{2150E333-8FDC-42A3-9474-1A3956D46DE8}") = "Platforms", "Platforms", "{ED96F7FE-6FF3-4C84-9976-46D2C8557E8A}"
EndProject
Project("{9A19103F-16F7-4668-BE54-9A1E7A4F7556}") = "Homer.Platform.HomeKit", "src\platforms\homekit\Homer.Platform.HomeKit.csproj", "{75D7361A-EEC0-489C-AA21-3B0511668D9D}"
EndProject
Project("{9A19103F-16F7-4668-BE54-9A1E7A4F7556}") = "Homer.Build", "build\Homer.Build.csproj", "{270DC829-5D6A-4A10-AADF-1C5302651C19}"
EndProject
Project("{9A19103F-16F7-4668-BE54-9A1E7A4F7556}") = "uuid.net", "contrib\uuid.net\uuid.net.csproj", "{A7F57E76-2DD1-4E29-97E0-BBB27DAB3F25}"
EndProject
Global
	GlobalSection(SolutionConfigurationPlatforms) = preSolution
		Debug|Any CPU = Debug|Any CPU
		Debug|x64 = Debug|x64
		Debug|x86 = Debug|x86
		Release|Any CPU = Release|Any CPU
		Release|x64 = Release|x64
		Release|x86 = Release|x86
	EndGlobalSection
	GlobalSection(ProjectConfigurationPlatforms) = postSolution
		{DA1CF614-7D2E-49BA-B27F-4334B964C2E0}.Debug|Any CPU.ActiveCfg = Debug|Any CPU
		{DA1CF614-7D2E-49BA-B27F-4334B964C2E0}.Debug|Any CPU.Build.0 = Debug|Any CPU
		{DA1CF614-7D2E-49BA-B27F-4334B964C2E0}.Debug|x64.ActiveCfg = Debug|Any CPU
		{DA1CF614-7D2E-49BA-B27F-4334B964C2E0}.Debug|x64.Build.0 = Debug|Any CPU
		{DA1CF614-7D2E-49BA-B27F-4334B964C2E0}.Debug|x86.ActiveCfg = Debug|Any CPU
		{DA1CF614-7D2E-49BA-B27F-4334B964C2E0}.Debug|x86.Build.0 = Debug|Any CPU
		{DA1CF614-7D2E-49BA-B27F-4334B964C2E0}.Release|Any CPU.ActiveCfg = Release|Any CPU
		{DA1CF614-7D2E-49BA-B27F-4334B964C2E0}.Release|Any CPU.Build.0 = Release|Any CPU
		{DA1CF614-7D2E-49BA-B27F-4334B964C2E0}.Release|x64.ActiveCfg = Release|Any CPU
		{DA1CF614-7D2E-49BA-B27F-4334B964C2E0}.Release|x64.Build.0 = Release|Any CPU
		{DA1CF614-7D2E-49BA-B27F-4334B964C2E0}.Release|x86.ActiveCfg = Release|Any CPU
		{DA1CF614-7D2E-49BA-B27F-4334B964C2E0}.Release|x86.Build.0 = Release|Any CPU
		{75D7361A-EEC0-489C-AA21-3B0511668D9D}.Debug|Any CPU.ActiveCfg = Debug|Any CPU
		{75D7361A-EEC0-489C-AA21-3B0511668D9D}.Debug|Any CPU.Build.0 = Debug|Any CPU
		{75D7361A-EEC0-489C-AA21-3B0511668D9D}.Debug|x64.ActiveCfg = Debug|Any CPU
		{75D7361A-EEC0-489C-AA21-3B0511668D9D}.Debug|x64.Build.0 = Debug|Any CPU
		{75D7361A-EEC0-489C-AA21-3B0511668D9D}.Debug|x86.ActiveCfg = Debug|Any CPU
		{75D7361A-EEC0-489C-AA21-3B0511668D9D}.Debug|x86.Build.0 = Debug|Any CPU
		{75D7361A-EEC0-489C-AA21-3B0511668D9D}.Release|Any CPU.ActiveCfg = Release|Any CPU
		{75D7361A-EEC0-489C-AA21-3B0511668D9D}.Release|Any CPU.Build.0 = Release|Any CPU
		{75D7361A-EEC0-489C-AA21-3B0511668D9D}.Release|x64.ActiveCfg = Release|Any CPU
		{75D7361A-EEC0-489C-AA21-3B0511668D9D}.Release|x64.Build.0 = Release|Any CPU
		{75D7361A-EEC0-489C-AA21-3B0511668D9D}.Release|x86.ActiveCfg = Release|Any CPU
		{75D7361A-EEC0-489C-AA21-3B0511668D9D}.Release|x86.Build.0 = Release|Any CPU
		{270DC829-5D6A-4A10-AADF-1C5302651C19}.Debug|Any CPU.ActiveCfg = Debug|Any CPU
		{270DC829-5D6A-4A10-AADF-1C5302651C19}.Debug|Any CPU.Build.0 = Debug|Any CPU
		{270DC829-5D6A-4A10-AADF-1C5302651C19}.Debug|x64.ActiveCfg = Debug|x64
		{270DC829-5D6A-4A10-AADF-1C5302651C19}.Debug|x64.Build.0 = Debug|x64
		{270DC829-5D6A-4A10-AADF-1C5302651C19}.Debug|x86.ActiveCfg = Debug|Any CPU
		{270DC829-5D6A-4A10-AADF-1C5302651C19}.Debug|x86.Build.0 = Debug|Any CPU
		{270DC829-5D6A-4A10-AADF-1C5302651C19}.Release|Any CPU.ActiveCfg = Release|Any CPU
		{270DC829-5D6A-4A10-AADF-1C5302651C19}.Release|Any CPU.Build.0 = Release|Any CPU
		{270DC829-5D6A-4A10-AADF-1C5302651C19}.Release|x64.ActiveCfg = Release|x64
		{270DC829-5D6A-4A10-AADF-1C5302651C19}.Release|x64.Build.0 = Release|x64
		{270DC829-5D6A-4A10-AADF-1C5302651C19}.Release|x86.ActiveCfg = Release|Any CPU
		{270DC829-5D6A-4A10-AADF-1C5302651C19}.Release|x86.Build.0 = Release|Any CPU
		{A7F57E76-2DD1-4E29-97E0-BBB27DAB3F25}.Debug|Any CPU.ActiveCfg = Debug|Any CPU
		{A7F57E76-2DD1-4E29-97E0-BBB27DAB3F25}.Debug|Any CPU.Build.0 = Debug|Any CPU
		{A7F57E76-2DD1-4E29-97E0-BBB27DAB3F25}.Debug|x64.ActiveCfg = Debug|Any CPU
		{A7F57E76-2DD1-4E29-97E0-BBB27DAB3F25}.Debug|x64.Build.0 = Debug|Any CPU
		{A7F57E76-2DD1-4E29-97E0-BBB27DAB3F25}.Debug|x86.ActiveCfg = Debug|Any CPU
		{A7F57E76-2DD1-4E29-97E0-BBB27DAB3F25}.Debug|x86.Build.0 = Debug|Any CPU
		{A7F57E76-2DD1-4E29-97E0-BBB27DAB3F25}.Release|Any CPU.ActiveCfg = Release|Any CPU
		{A7F57E76-2DD1-4E29-97E0-BBB27DAB3F25}.Release|Any CPU.Build.0 = Release|Any CPU
		{A7F57E76-2DD1-4E29-97E0-BBB27DAB3F25}.Release|x64.ActiveCfg = Release|Any CPU
		{A7F57E76-2DD1-4E29-97E0-BBB27DAB3F25}.Release|x64.Build.0 = Release|Any CPU
		{A7F57E76-2DD1-4E29-97E0-BBB27DAB3F25}.Release|x86.ActiveCfg = Release|Any CPU
		{A7F57E76-2DD1-4E29-97E0-BBB27DAB3F25}.Release|x86.Build.0 = Release|Any CPU
	EndGlobalSection
	GlobalSection(SolutionProperties) = preSolution
		HideSolutionNode = FALSE
	EndGlobalSection
	GlobalSection(NestedProjects) = preSolution
		{DA1CF614-7D2E-49BA-B27F-4334B964C2E0} = {9EA2E57A-D4CA-481B-AA3F-7A6E4E84A106}
		{75D7361A-EEC0-489C-AA21-3B0511668D9D} = {ED96F7FE-6FF3-4C84-9976-46D2C8557E8A}
		{A7F57E76-2DD1-4E29-97E0-BBB27DAB3F25} = {EA45AF70-3539-4CB4-9DC5-49CCCAD21A9A}
	EndGlobalSection
	GlobalSection(ExtensibilityGlobals) = postSolution
		SolutionGuid = {AFE6693E-8F99-43D6-8CAA-B27A77B81AF6}
	EndGlobalSection
EndGlobal
