
Microsoft Visual Studio Solution File, Format Version 12.00
# Visual Studio Version 16
VisualStudioVersion = 16.0.29709.97
MinimumVisualStudioVersion = 10.0.40219.1
Project("{9A19103F-16F7-4668-BE54-9A1E7A4F7556}") = "smarty.core", "src\core\smarty.core.csproj", "{DA1CF614-7D2E-49BA-B27F-4334B964C2E0}"
EndProject
Global
	GlobalSection(SolutionConfigurationPlatforms) = preSolution
		Debug|Any CPU = Debug|Any CPU
		Release|Any CPU = Release|Any CPU
	EndGlobalSection
	GlobalSection(ProjectConfigurationPlatforms) = postSolution
		{DA1CF614-7D2E-49BA-B27F-4334B964C2E0}.Debug|Any CPU.ActiveCfg = Debug|Any CPU
		{DA1CF614-7D2E-49BA-B27F-4334B964C2E0}.Debug|Any CPU.Build.0 = Debug|Any CPU
		{DA1CF614-7D2E-49BA-B27F-4334B964C2E0}.Release|Any CPU.ActiveCfg = Release|Any CPU
		{DA1CF614-7D2E-49BA-B27F-4334B964C2E0}.Release|Any CPU.Build.0 = Release|Any CPU
	EndGlobalSection
	GlobalSection(SolutionProperties) = preSolution
		HideSolutionNode = FALSE
	EndGlobalSection
	GlobalSection(ExtensibilityGlobals) = postSolution
		SolutionGuid = {AFE6693E-8F99-43D6-8CAA-B27A77B81AF6}
	EndGlobalSection
EndGlobal
